
Microsoft Visual Studio Solution File, Format Version 12.00
# Visual Studio Version 17
VisualStudioVersion = 17.4.33205.214
MinimumVisualStudioVersion = 10.0.40219.1
Project("{FAE04EC0-301F-11D3-BF4B-00C04F79EFBC}") = "ModsDude2.WPF", "ModsDude2.WPF\ModsDude2.WPF.csproj", "{7777D1C0-D67C-4B9F-97C7-02626B360738}"
EndProject
Global
	GlobalSection(SolutionConfigurationPlatforms) = preSolution
		Debug|Any CPU = Debug|Any CPU
		Release|Any CPU = Release|Any CPU
	EndGlobalSection
	GlobalSection(ProjectConfigurationPlatforms) = postSolution
		{7777D1C0-D67C-4B9F-97C7-02626B360738}.Debug|Any CPU.ActiveCfg = Debug|Any CPU
		{7777D1C0-D67C-4B9F-97C7-02626B360738}.Debug|Any CPU.Build.0 = Debug|Any CPU
		{7777D1C0-D67C-4B9F-97C7-02626B360738}.Release|Any CPU.ActiveCfg = Release|Any CPU
		{7777D1C0-D67C-4B9F-97C7-02626B360738}.Release|Any CPU.Build.0 = Release|Any CPU
	EndGlobalSection
	GlobalSection(SolutionProperties) = preSolution
		HideSolutionNode = FALSE
	EndGlobalSection
	GlobalSection(ExtensibilityGlobals) = postSolution
		SolutionGuid = {C09C617A-95E1-400D-90B0-2AA1BA32953A}
	EndGlobalSection
EndGlobal
